
Microsoft Visual Studio Solution File, Format Version 12.00
# Visual Studio Version 16
VisualStudioVersion = 16.0.30804.86
MinimumVisualStudioVersion = 10.0.40219.1
Project("{FAE04EC0-301F-11D3-BF4B-00C04F79EFBC}") = "01. Number Pyramid", "01. Number Pyramid\01. Number Pyramid.csproj", "{97DCC398-65BE-4ADA-BB62-F6E12C5157BC}"
EndProject
Project("{FAE04EC0-301F-11D3-BF4B-00C04F79EFBC}") = "02. Equal Sums Even Odd Position", "02. Equal Sums Even Odd Position\02. Equal Sums Even Odd Position.csproj", "{7902C2E6-1508-4EB1-907D-A181A56BC49F}"
EndProject
Project("{FAE04EC0-301F-11D3-BF4B-00C04F79EFBC}") = "03. Sum Prime Non Prime", "03. Sum Prime Non Prime\03. Sum Prime Non Prime.csproj", "{14AE206F-ECCF-4574-B709-EF97BEB4BA21}"
EndProject
Project("{FAE04EC0-301F-11D3-BF4B-00C04F79EFBC}") = "04. Train The Trainers", "04. Train The Trainers\04. Train The Trainers.csproj", "{7FEEA402-3450-4182-808C-2C1691035DDA}"
EndProject
Project("{FAE04EC0-301F-11D3-BF4B-00C04F79EFBC}") = "05. Password Generator", "05. Password Generator\05. Password Generator.csproj", "{91043AE3-6E54-4FA4-A437-8780F1200285}"
EndProject
Project("{FAE04EC0-301F-11D3-BF4B-00C04F79EFBC}") = "06. Special Numbers", "06. Special Numbers\06. Special Numbers.csproj", "{FBE3A435-024F-4DBC-878A-6CCAF5386DD6}"
EndProject
Global
	GlobalSection(SolutionConfigurationPlatforms) = preSolution
		Debug|Any CPU = Debug|Any CPU
		Release|Any CPU = Release|Any CPU
	EndGlobalSection
	GlobalSection(ProjectConfigurationPlatforms) = postSolution
		{97DCC398-65BE-4ADA-BB62-F6E12C5157BC}.Debug|Any CPU.ActiveCfg = Debug|Any CPU
		{97DCC398-65BE-4ADA-BB62-F6E12C5157BC}.Debug|Any CPU.Build.0 = Debug|Any CPU
		{97DCC398-65BE-4ADA-BB62-F6E12C5157BC}.Release|Any CPU.ActiveCfg = Release|Any CPU
		{97DCC398-65BE-4ADA-BB62-F6E12C5157BC}.Release|Any CPU.Build.0 = Release|Any CPU
		{7902C2E6-1508-4EB1-907D-A181A56BC49F}.Debug|Any CPU.ActiveCfg = Debug|Any CPU
		{7902C2E6-1508-4EB1-907D-A181A56BC49F}.Debug|Any CPU.Build.0 = Debug|Any CPU
		{7902C2E6-1508-4EB1-907D-A181A56BC49F}.Release|Any CPU.ActiveCfg = Release|Any CPU
		{7902C2E6-1508-4EB1-907D-A181A56BC49F}.Release|Any CPU.Build.0 = Release|Any CPU
		{14AE206F-ECCF-4574-B709-EF97BEB4BA21}.Debug|Any CPU.ActiveCfg = Debug|Any CPU
		{14AE206F-ECCF-4574-B709-EF97BEB4BA21}.Debug|Any CPU.Build.0 = Debug|Any CPU
		{14AE206F-ECCF-4574-B709-EF97BEB4BA21}.Release|Any CPU.ActiveCfg = Release|Any CPU
		{14AE206F-ECCF-4574-B709-EF97BEB4BA21}.Release|Any CPU.Build.0 = Release|Any CPU
		{7FEEA402-3450-4182-808C-2C1691035DDA}.Debug|Any CPU.ActiveCfg = Debug|Any CPU
		{7FEEA402-3450-4182-808C-2C1691035DDA}.Debug|Any CPU.Build.0 = Debug|Any CPU
		{7FEEA402-3450-4182-808C-2C1691035DDA}.Release|Any CPU.ActiveCfg = Release|Any CPU
		{7FEEA402-3450-4182-808C-2C1691035DDA}.Release|Any CPU.Build.0 = Release|Any CPU
		{91043AE3-6E54-4FA4-A437-8780F1200285}.Debug|Any CPU.ActiveCfg = Debug|Any CPU
		{91043AE3-6E54-4FA4-A437-8780F1200285}.Debug|Any CPU.Build.0 = Debug|Any CPU
		{91043AE3-6E54-4FA4-A437-8780F1200285}.Release|Any CPU.ActiveCfg = Release|Any CPU
		{91043AE3-6E54-4FA4-A437-8780F1200285}.Release|Any CPU.Build.0 = Release|Any CPU
		{FBE3A435-024F-4DBC-878A-6CCAF5386DD6}.Debug|Any CPU.ActiveCfg = Debug|Any CPU
		{FBE3A435-024F-4DBC-878A-6CCAF5386DD6}.Debug|Any CPU.Build.0 = Debug|Any CPU
		{FBE3A435-024F-4DBC-878A-6CCAF5386DD6}.Release|Any CPU.ActiveCfg = Release|Any CPU
		{FBE3A435-024F-4DBC-878A-6CCAF5386DD6}.Release|Any CPU.Build.0 = Release|Any CPU
	EndGlobalSection
	GlobalSection(SolutionProperties) = preSolution
		HideSolutionNode = FALSE
	EndGlobalSection
	GlobalSection(ExtensibilityGlobals) = postSolution
		SolutionGuid = {59DA19A9-AC65-4A64-8BF6-7CBEA27E6A25}
	EndGlobalSection
EndGlobal
